
Microsoft Visual Studio Solution File, Format Version 12.00
# Visual Studio 2012
Project("{8BC9CEB8-8B4A-11D0-8D11-00A0C91BC942}") = "rabbitmq_c_consumer", "rabbitmq_c_consumer\rabbitmq_c_consumer.vcxproj", "{D7F75695-E3E0-4EBB-B2FC-75F2B69E37C4}"
EndProject
Global
	GlobalSection(SolutionConfigurationPlatforms) = preSolution
		Debug|Win32 = Debug|Win32
		Release|Win32 = Release|Win32
	EndGlobalSection
	GlobalSection(ProjectConfigurationPlatforms) = postSolution
		{D7F75695-E3E0-4EBB-B2FC-75F2B69E37C4}.Debug|Win32.ActiveCfg = Debug|Win32
		{D7F75695-E3E0-4EBB-B2FC-75F2B69E37C4}.Debug|Win32.Build.0 = Debug|Win32
		{D7F75695-E3E0-4EBB-B2FC-75F2B69E37C4}.Release|Win32.ActiveCfg = Release|Win32
		{D7F75695-E3E0-4EBB-B2FC-75F2B69E37C4}.Release|Win32.Build.0 = Release|Win32
	EndGlobalSection
	GlobalSection(SolutionProperties) = preSolution
		HideSolutionNode = FALSE
	EndGlobalSection
EndGlobal
